
Microsoft Visual Studio Solution File, Format Version 12.00
# Visual Studio 15
VisualStudioVersion = 15.0.27004.2006
MinimumVisualStudioVersion = 10.0.40219.1
Project("{FAE04EC0-301F-11D3-BF4B-00C04F79EFBC}") = "CyberArena", "CyberArena\CyberArena.csproj", "{D037B7E9-AD3A-44F8-9120-4FB9F5B9F37A}"
EndProject
Global
	GlobalSection(SolutionConfigurationPlatforms) = preSolution
		Debug|Any CPU = Debug|Any CPU
		Release|Any CPU = Release|Any CPU
	EndGlobalSection
	GlobalSection(ProjectConfigurationPlatforms) = postSolution
		{D037B7E9-AD3A-44F8-9120-4FB9F5B9F37A}.Debug|Any CPU.ActiveCfg = Debug|Any CPU
		{D037B7E9-AD3A-44F8-9120-4FB9F5B9F37A}.Debug|Any CPU.Build.0 = Debug|Any CPU
		{D037B7E9-AD3A-44F8-9120-4FB9F5B9F37A}.Release|Any CPU.ActiveCfg = Release|Any CPU
		{D037B7E9-AD3A-44F8-9120-4FB9F5B9F37A}.Release|Any CPU.Build.0 = Release|Any CPU
	EndGlobalSection
	GlobalSection(SolutionProperties) = preSolution
		HideSolutionNode = FALSE
	EndGlobalSection
	GlobalSection(ExtensibilityGlobals) = postSolution
		SolutionGuid = {C8622C55-F90A-48EA-9E9F-F7D0E01CFEF6}
	EndGlobalSection
EndGlobal
